{
  "name": "Cart",
  "version": "0.0.0",
  "lockfileVersion": 1,
  "requires": true,
  "dependencies": {
    "after": {
      "version": "0.8.1",
      "resolved": "https://registry.npmjs.org/after/-/after-0.8.1.tgz",
      "integrity": "sha1-q11PuIP1loFtNRX495HAr0ht1ic="
    },
    "arraybuffer.slice": {
      "version": "0.0.6",
      "resolved": "https://registry.npmjs.org/arraybuffer.slice/-/arraybuffer.slice-0.0.6.tgz",
      "integrity": "sha1-8zshWfBTKj8xB6JywMz70a0peco="
    },
    "async": {
      "version": "0.9.0",
      "resolved": "https://registry.npmjs.org/async/-/async-0.9.0.tgz",
      "integrity": "sha1-rDYTsdqb7RtHUQu0ZRuJMeRxRsc="
    },
    "backo2": {
      "version": "1.0.2",
      "resolved": "https://registry.npmjs.org/backo2/-/backo2-1.0.2.tgz",
      "integrity": "sha1-MasayLEpNjRj41s+u2n038+6eUc="
    },
    "base64-arraybuffer": {
      "version": "0.1.2",
      "resolved": "https://registry.npmjs.org/base64-arraybuffer/-/base64-arraybuffer-0.1.2.tgz",
      "integrity": "sha1-R030qfLaJOBd8xWMOx2zw81GoVQ="
    },
    "benchmark": {
      "version": "1.0.0",
      "resolved": "https://registry.npmjs.org/benchmark/-/benchmark-1.0.0.tgz",
      "integrity": "sha1-Lx4vpMNZ8REiqhgwgiGOlX45DHM="
    },
    "better-assert": {
      "version": "1.0.2",
      "resolved": "https://registry.npmjs.org/better-assert/-/better-assert-1.0.2.tgz",
      "integrity": "sha1-QIZrnhueC1W0gYlDEeaPr/rrxSI=",
      "requires": {
        "callsite": "1.0.0"
      }
    },
    "blob": {
      "version": "0.0.2",
      "resolved": "https://registry.npmjs.org/blob/-/blob-0.0.2.tgz",
      "integrity": "sha1-uJVivWmUr5W6HoEhVVNjM6ojzyQ="
    },
    "callsite": {
      "version": "1.0.0",
      "resolved": "https://registry.npmjs.org/callsite/-/callsite-1.0.0.tgz",
      "integrity": "sha1-KAOY5dZkvXQDi28JBRU+borxvCA="
    },
    "component-bind": {
      "version": "1.0.0",
      "resolved": "https://registry.npmjs.org/component-bind/-/component-bind-1.0.0.tgz",
      "integrity": "sha1-AMYIq33Nk4l8AAllGx06jh5zu9E="
    },
    "component-emitter": {
      "version": "1.1.2",
      "resolved": "https://registry.npmjs.org/component-emitter/-/component-emitter-1.1.2.tgz",
      "integrity": "sha1-KWWU8nU9qmOZbSrwjRWpURbJrsM="
    },
    "component-inherit": {
      "version": "0.0.3",
      "resolved": "https://registry.npmjs.org/component-inherit/-/component-inherit-0.0.3.tgz",
      "integrity": "sha1-ZF/ErfWLcrZJ1crmUTVhnbJv8UM="
    },
    "debug": {
      "version": "0.7.4",
      "resolved": "https://registry.npmjs.org/debug/-/debug-0.7.4.tgz",
      "integrity": "sha1-BuHqgILCyxTjmAbiLi9vdX+Srzk="
    },
    "engine.io-client": {
      "version": "1.5.2",
      "resolved": "https://registry.npmjs.org/engine.io-client/-/engine.io-client-1.5.2.tgz",
      "integrity": "sha1-X9SlIb3T3KPH9Q44+UN7X2aVfrw=",
      "requires": {
        "component-emitter": "1.1.2",
        "component-inherit": "0.0.3",
        "debug": "1.0.4",
        "engine.io-parser": "1.2.1",
        "has-cors": "1.0.3",
        "indexof": "0.0.1",
        "parsejson": "0.0.1",
        "parseqs": "0.0.2",
        "parseuri": "0.0.4",
        "ws": "0.7.2",
        "xmlhttprequest": "https://github.com/rase-/node-XMLHttpRequest/archive/a6b6f2.tar.gz"
      },
      "dependencies": {
        "debug": {
          "version": "1.0.4",
          "resolved": "https://registry.npmjs.org/debug/-/debug-1.0.4.tgz",
          "integrity": "sha1-W5wla9VLbsAigxdvqKDt5tFUy/g=",
          "requires": {
            "ms": "0.6.2"
          }
        },
        "parseuri": {
          "version": "0.0.4",
          "resolved": "https://registry.npmjs.org/parseuri/-/parseuri-0.0.4.tgz",
          "integrity": "sha1-gGWCo5iH4eoY3V4v4OAZAiaOk1A=",
          "requires": {
            "better-assert": "1.0.2"
          }
        }
      }
    },
    "engine.io-parser": {
      "version": "1.2.1",
      "resolved": "https://registry.npmjs.org/engine.io-parser/-/engine.io-parser-1.2.1.tgz",
      "integrity": "sha1-RGKmfQxwqQfAbbLh3lN5Gob1qzc=",
      "requires": {
        "after": "0.8.1",
        "arraybuffer.slice": "0.0.6",
        "base64-arraybuffer": "0.1.2",
        "blob": "0.0.2",
        "has-binary": "0.1.5",
        "utf8": "2.0.0"
      },
      "dependencies": {
        "has-binary": {
          "version": "0.1.5",
          "resolved": "https://registry.npmjs.org/has-binary/-/has-binary-0.1.5.tgz",
          "integrity": "sha1-ledXIP8xtyo7qJpbbc4ILkvGRn8=",
          "requires": {
            "isarray": "0.0.1"
          }
        }
      }
    },
    "enum": {
      "version": "2.0.2",
      "resolved": "https://registry.npmjs.org/enum/-/enum-2.0.2.tgz",
      "integrity": "sha1-vtWMV58ziRbHzV00VBbSMUFEjps="
    },
    "events": {
      "version": "1.1.1",
      "resolved": "https://registry.npmjs.org/events/-/events-1.1.1.tgz",
      "integrity": "sha1-nr23Y1rQmccNzEwqH1AEKI6L2SQ="
    },
    "global": {
      "version": "https://github.com/component/global/archive/v2.0.1.tar.gz",
      "integrity": "sha1-P7JTQ/tm15mRsPSkKc47VEgO7Dw="
    },
    "has-binary": {
      "version": "0.1.6",
      "resolved": "https://registry.npmjs.org/has-binary/-/has-binary-0.1.6.tgz",
      "integrity": "sha1-JTJvOc+k9hath4eJTjryz7x7bhA=",
      "requires": {
        "isarray": "0.0.1"
      }
    },
    "has-cors": {
      "version": "1.0.3",
      "resolved": "https://registry.npmjs.org/has-cors/-/has-cors-1.0.3.tgz",
      "integrity": "sha1-UCrLmzEE2sM90mMOry+IiwuvTLM=",
      "requires": {
        "global": "https://github.com/component/global/archive/v2.0.1.tar.gz"
      }
    },
    "i18next-client": {
      "version": "1.7.7",
      "resolved": "https://registry.npmjs.org/i18next-client/-/i18next-client-1.7.7.tgz",
      "integrity": "sha1-1/j3+CW0SxRYphp9YUTgJm4Roow="
    },
    "indexof": {
      "version": "0.0.1",
      "resolved": "https://registry.npmjs.org/indexof/-/indexof-0.0.1.tgz",
      "integrity": "sha1-gtwzbSMrkGIXnQWrMpOmYFn9Q10="
    },
    "isarray": {
      "version": "0.0.1",
      "resolved": "https://registry.npmjs.org/isarray/-/isarray-0.0.1.tgz",
      "integrity": "sha1-ihis/Kmo9Bd+Cav8YDiTmwXR7t8="
    },
    "json3": {
      "version": "3.2.6",
      "resolved": "https://registry.npmjs.org/json3/-/json3-3.2.6.tgz",
      "integrity": "sha1-9u/JPAagTemuxTBT3yVZuxniA4s="
    },
    "jssha": {
      "version": "1.5.0",
      "resolved": "https://registry.npmjs.org/jssha/-/jssha-1.5.0.tgz",
      "integrity": "sha1-E2Ej6nep1G4Af2I6te5YoWomNqE="
    },
    "ms": {
      "version": "0.6.2",
      "resolved": "https://registry.npmjs.org/ms/-/ms-0.6.2.tgz",
      "integrity": "sha1-2JwhJMb9wTU9Zai3e/GqxLGTcIw="
    },
    "object-component": {
      "version": "0.0.3",
      "resolved": "https://registry.npmjs.org/object-component/-/object-component-0.0.3.tgz",
      "integrity": "sha1-8MaapQ78lbhmwYb0AKM3acsvEpE="
    },
    "options": {
      "version": "0.0.6",
      "resolved": "https://registry.npmjs.org/options/-/options-0.0.6.tgz",
      "integrity": "sha1-7CLTEoBrtT5zF3Pnza788cZDEo8="
    },
    "pako": {
      "version": "1.0.6",
      "resolved": "https://registry.npmjs.org/pako/-/pako-1.0.6.tgz",
      "integrity": "sha512-lQe48YPsMJAig+yngZ87Lus+NF+3mtu7DVOBu6b/gHO1YpKwIj5AWjZ/TOS7i46HD/UixzWb1zeWDZfGZ3iYcg=="
    },
    "parsejson": {
      "version": "0.0.1",
      "resolved": "https://registry.npmjs.org/parsejson/-/parsejson-0.0.1.tgz",
      "integrity": "sha1-mxDGwNglq1ieaFFTgm3go7oni8w=",
      "requires": {
        "better-assert": "1.0.2"
      }
    },
    "parseqs": {
      "version": "0.0.2",
      "resolved": "https://registry.npmjs.org/parseqs/-/parseqs-0.0.2.tgz",
      "integrity": "sha1-nf5wss3aw4i95PNbHyQPpYrb5sc=",
      "requires": {
        "better-assert": "1.0.2"
      }
    },
    "parseuri": {
      "version": "0.0.2",
      "resolved": "https://registry.npmjs.org/parseuri/-/parseuri-0.0.2.tgz",
      "integrity": "sha1-20GHjy1pZHGL6HCzFAlz2Ak74VY=",
      "requires": {
        "better-assert": "1.0.2"
      }
    },
    "retry": {
      "version": "0.6.1",
      "resolved": "https://registry.npmjs.org/retry/-/retry-0.6.1.tgz",
      "integrity": "sha1-/ckO7ZQ/3hG4k1VLjMY9DombqRg="
    },
    "sdp-interop": {
      "version": "0.1.4",
      "resolved": "https://registry.npmjs.org/sdp-interop/-/sdp-interop-0.1.4.tgz",
      "integrity": "sha1-2JYAPGsxkCuf7i8y1XsjZIffR88=",
      "requires": {
        "sdp-transform": "1.4.0"
      },
      "dependencies": {
        "sdp-transform": {
          "version": "1.4.0",
          "resolved": "https://registry.npmjs.org/sdp-transform/-/sdp-transform-1.4.0.tgz",
          "integrity": "sha1-8rfBp+3b62dcEqnCA2sPn38S+sY="
        }
      }
    },
    "sdp-simulcast": {
      "version": "0.1.0",
      "resolved": "https://registry.npmjs.org/sdp-simulcast/-/sdp-simulcast-0.1.0.tgz",
      "integrity": "sha1-sXvy2wlFrA1251IzTuNPiFSY160=",
      "requires": {
        "sdp-transform": "1.4.0"
      },
      "dependencies": {
        "sdp-transform": {
          "version": "1.4.0",
          "resolved": "https://registry.npmjs.org/sdp-transform/-/sdp-transform-1.4.0.tgz",
          "integrity": "sha1-8rfBp+3b62dcEqnCA2sPn38S+sY="
        }
      }
    },
    "sdp-transform": {
      "version": "1.4.1",
      "resolved": "https://registry.npmjs.org/sdp-transform/-/sdp-transform-1.4.1.tgz",
      "integrity": "sha1-kaHkQy5IzEfdoQTqHIbu+ae5SGA="
    },
    "socket.io-client": {
      "version": "1.3.6",
      "resolved": "https://registry.npmjs.org/socket.io-client/-/socket.io-client-1.3.6.tgz",
      "integrity": "sha1-IqolE3QR+2TcIUd/rnKmV162HYA=",
      "requires": {
        "backo2": "1.0.2",
        "component-bind": "1.0.0",
        "component-emitter": "1.1.2",
        "debug": "0.7.4",
        "engine.io-client": "1.5.2",
        "has-binary": "0.1.6",
        "indexof": "0.0.1",
        "object-component": "0.0.3",
        "parseuri": "0.0.2",
        "socket.io-parser": "2.2.4",
        "to-array": "0.1.3"
      }
    },
    "socket.io-parser": {
      "version": "2.2.4",
      "resolved": "https://registry.npmjs.org/socket.io-parser/-/socket.io-parser-2.2.4.tgz",
      "integrity": "sha1-+c4ZvxkJYIzrFdl3IeI7/dHnz2U=",
      "requires": {
        "benchmark": "1.0.0",
        "component-emitter": "1.1.2",
        "debug": "0.7.4",
        "isarray": "0.0.1",
        "json3": "3.2.6"
      }
    },
    "to-array": {
      "version": "0.1.3",
      "resolved": "https://registry.npmjs.org/to-array/-/to-array-0.1.3.tgz",
      "integrity": "sha1-1F2txjY0F/YPKEdP6lDs3btPSZE="
    },
    "ultron": {
      "version": "1.0.2",
      "resolved": "https://registry.npmjs.org/ultron/-/ultron-1.0.2.tgz",
      "integrity": "sha1-rOEWq1V80Zc4ak6I9GhTeMiy5Po="
    },
    "utf8": {
      "version": "2.0.0",
      "resolved": "https://registry.npmjs.org/utf8/-/utf8-2.0.0.tgz",
      "integrity": "sha1-ec5Z7O2HSAnKuacfxxAsfUXUEY0="
    },
    "ws": {
      "version": "0.7.2",
      "resolved": "https://registry.npmjs.org/ws/-/ws-0.7.2.tgz",
      "integrity": "sha1-Q4xWC9+it9o91ba0btYTJcJGmdg=",
      "requires": {
        "options": "0.0.6",
        "ultron": "1.0.2"
      }
    },
    "xmlhttprequest": {
      "version": "https://github.com/rase-/node-XMLHttpRequest/archive/a6b6f2.tar.gz",
      "integrity": "sha1-IMr6XKpV9ttr+u6EnR62DuQ6X8o="
    }
  }
}
